
Microsoft Visual Studio Solution File, Format Version 12.00
# Visual Studio 15
VisualStudioVersion = 15.0.26730.10
MinimumVisualStudioVersion = 10.0.40219.1
Project("{FAE04EC0-301F-11D3-BF4B-00C04F79EFBC}") = "NewProject", "NewProject\NewProject.csproj", "{F844CC19-82A3-4B17-BFA1-0E5ED72648B0}"
EndProject
Project("{FAE04EC0-301F-11D3-BF4B-00C04F79EFBC}") = "NewProject.Test", "NewProject.Test\NewProject.Test.csproj", "{4E1F4B19-4155-4131-8A87-2E2ACB5C6BC9}"
EndProject
Global
	GlobalSection(SolutionConfigurationPlatforms) = preSolution
		Debug|Any CPU = Debug|Any CPU
		Release|Any CPU = Release|Any CPU
	EndGlobalSection
	GlobalSection(ProjectConfigurationPlatforms) = postSolution
		{F844CC19-82A3-4B17-BFA1-0E5ED72648B0}.Debug|Any CPU.ActiveCfg = Debug|Any CPU
		{F844CC19-82A3-4B17-BFA1-0E5ED72648B0}.Debug|Any CPU.Build.0 = Debug|Any CPU
		{F844CC19-82A3-4B17-BFA1-0E5ED72648B0}.Release|Any CPU.ActiveCfg = Release|Any CPU
		{F844CC19-82A3-4B17-BFA1-0E5ED72648B0}.Release|Any CPU.Build.0 = Release|Any CPU
		{4E1F4B19-4155-4131-8A87-2E2ACB5C6BC9}.Debug|Any CPU.ActiveCfg = Debug|Any CPU
		{4E1F4B19-4155-4131-8A87-2E2ACB5C6BC9}.Debug|Any CPU.Build.0 = Debug|Any CPU
		{4E1F4B19-4155-4131-8A87-2E2ACB5C6BC9}.Release|Any CPU.ActiveCfg = Release|Any CPU
		{4E1F4B19-4155-4131-8A87-2E2ACB5C6BC9}.Release|Any CPU.Build.0 = Release|Any CPU
	EndGlobalSection
	GlobalSection(SolutionProperties) = preSolution
		HideSolutionNode = FALSE
	EndGlobalSection
	GlobalSection(ExtensibilityGlobals) = postSolution
		SolutionGuid = {A0BEB5D1-2239-491B-BE0B-E95390BCB9CD}
	EndGlobalSection
EndGlobal
